
Microsoft Visual Studio Solution File, Format Version 12.00
# Visual Studio 15
VisualStudioVersion = 15.0.27428.2043
MinimumVisualStudioVersion = 10.0.40219.1
Project("{F184B08F-C81C-45F6-A57F-5ABD9991F28F}") = "Terminal1", "Terminal1\Terminal1.vbproj", "{17FB1FD0-1447-4917-A850-611F595949F9}"
EndProject
Global
	GlobalSection(SolutionConfigurationPlatforms) = preSolution
		Debug|Any CPU = Debug|Any CPU
		Release|Any CPU = Release|Any CPU
	EndGlobalSection
	GlobalSection(ProjectConfigurationPlatforms) = postSolution
		{17FB1FD0-1447-4917-A850-611F595949F9}.Debug|Any CPU.ActiveCfg = Debug|Any CPU
		{17FB1FD0-1447-4917-A850-611F595949F9}.Debug|Any CPU.Build.0 = Debug|Any CPU
		{17FB1FD0-1447-4917-A850-611F595949F9}.Release|Any CPU.ActiveCfg = Release|Any CPU
		{17FB1FD0-1447-4917-A850-611F595949F9}.Release|Any CPU.Build.0 = Release|Any CPU
	EndGlobalSection
	GlobalSection(SolutionProperties) = preSolution
		HideSolutionNode = FALSE
	EndGlobalSection
	GlobalSection(ExtensibilityGlobals) = postSolution
		SolutionGuid = {195D8C8E-78C9-4187-BAB6-C6B610311371}
	EndGlobalSection
EndGlobal
